
Microsoft Visual Studio Solution File, Format Version 12.00
# Visual Studio 2012
Project("{8BC9CEB8-8B4A-11D0-8D11-00A0C91BC942}") = "stickhero", "stickhero\stickhero.vcxproj", "{13B8CF6D-04D0-4CA7-9DD6-5AA71B1CA5C2}"
EndProject
Global
	GlobalSection(SolutionConfigurationPlatforms) = preSolution
		Debug|Win32 = Debug|Win32
		Release|Win32 = Release|Win32
	EndGlobalSection
	GlobalSection(ProjectConfigurationPlatforms) = postSolution
		{13B8CF6D-04D0-4CA7-9DD6-5AA71B1CA5C2}.Debug|Win32.ActiveCfg = Debug|Win32
		{13B8CF6D-04D0-4CA7-9DD6-5AA71B1CA5C2}.Debug|Win32.Build.0 = Debug|Win32
		{13B8CF6D-04D0-4CA7-9DD6-5AA71B1CA5C2}.Release|Win32.ActiveCfg = Release|Win32
		{13B8CF6D-04D0-4CA7-9DD6-5AA71B1CA5C2}.Release|Win32.Build.0 = Release|Win32
	EndGlobalSection
	GlobalSection(SolutionProperties) = preSolution
		HideSolutionNode = FALSE
	EndGlobalSection
EndGlobal
